
Microsoft Visual Studio Solution File, Format Version 12.00
# Visual Studio Version 16
VisualStudioVersion = 16.0.31624.102
MinimumVisualStudioVersion = 10.0.40219.1
Project("{FAE04EC0-301F-11D3-BF4B-00C04F79EFBC}") = "Senai_Rental_WebAPI", "Senai_Rental_WebAPI\Senai_Rental_WebAPI.csproj", "{D1D53E8C-41E3-4D16-AD85-7304D72F5CC5}"
EndProject
Global
	GlobalSection(SolutionConfigurationPlatforms) = preSolution
		Debug|Any CPU = Debug|Any CPU
		Release|Any CPU = Release|Any CPU
	EndGlobalSection
	GlobalSection(ProjectConfigurationPlatforms) = postSolution
		{D1D53E8C-41E3-4D16-AD85-7304D72F5CC5}.Debug|Any CPU.ActiveCfg = Debug|Any CPU
		{D1D53E8C-41E3-4D16-AD85-7304D72F5CC5}.Debug|Any CPU.Build.0 = Debug|Any CPU
		{D1D53E8C-41E3-4D16-AD85-7304D72F5CC5}.Release|Any CPU.ActiveCfg = Release|Any CPU
		{D1D53E8C-41E3-4D16-AD85-7304D72F5CC5}.Release|Any CPU.Build.0 = Release|Any CPU
	EndGlobalSection
	GlobalSection(SolutionProperties) = preSolution
		HideSolutionNode = FALSE
	EndGlobalSection
	GlobalSection(ExtensibilityGlobals) = postSolution
		SolutionGuid = {4BA7F6C2-D7F6-44F3-A42E-8C91F00C6891}
	EndGlobalSection
EndGlobal
